
Microsoft Visual Studio Solution File, Format Version 12.00
# Visual Studio Version 16
VisualStudioVersion = 16.0.30717.126
MinimumVisualStudioVersion = 10.0.40219.1
Project("{8BC9CEB8-8B4A-11D0-8D11-00A0C91BC942}") = "PWServer", "PWServer\PWServer.vcxproj", "{02AD49DE-3547-4018-B4BC-062EDB011EB4}"
EndProject
Project("{8BC9CEB8-8B4A-11D0-8D11-00A0C91BC942}") = "PWTests", "PWTests\PWTests.vcxproj", "{14C91670-875B-4510-B62E-35F74B6DF9F3}"
	ProjectSection(ProjectDependencies) = postProject
		{02AD49DE-3547-4018-B4BC-062EDB011EB4} = {02AD49DE-3547-4018-B4BC-062EDB011EB4}
	EndProjectSection
EndProject
Global
	GlobalSection(SolutionConfigurationPlatforms) = preSolution
		Debug|x86 = Debug|x86
		Release|x86 = Release|x86
	EndGlobalSection
	GlobalSection(ProjectConfigurationPlatforms) = postSolution
		{02AD49DE-3547-4018-B4BC-062EDB011EB4}.Debug|x86.ActiveCfg = Debug|Win32
		{02AD49DE-3547-4018-B4BC-062EDB011EB4}.Debug|x86.Build.0 = Debug|Win32
		{02AD49DE-3547-4018-B4BC-062EDB011EB4}.Release|x86.ActiveCfg = Release|Win32
		{02AD49DE-3547-4018-B4BC-062EDB011EB4}.Release|x86.Build.0 = Release|Win32
		{14C91670-875B-4510-B62E-35F74B6DF9F3}.Debug|x86.ActiveCfg = Debug|Win32
		{14C91670-875B-4510-B62E-35F74B6DF9F3}.Debug|x86.Build.0 = Debug|Win32
		{14C91670-875B-4510-B62E-35F74B6DF9F3}.Release|x86.ActiveCfg = Release|Win32
		{14C91670-875B-4510-B62E-35F74B6DF9F3}.Release|x86.Build.0 = Release|Win32
	EndGlobalSection
	GlobalSection(SolutionProperties) = preSolution
		HideSolutionNode = FALSE
	EndGlobalSection
	GlobalSection(ExtensibilityGlobals) = postSolution
		SolutionGuid = {C868FCE5-443F-4222-BC58-AED80ABD122C}
	EndGlobalSection
EndGlobal
