<?xml version="1.0" encoding="utf-8"?>
<Project ToolsVersion="4.0" xmlns="http://schemas.microsoft.com/developer/msbuild/2003">
  <ItemGroup>
    <Filter Include="Source Files">
      <UniqueIdentifier>{4FC737F1-C7A5-4376-A066-2A32D752A2FF}</UniqueIdentifier>
      <Extensions>cpp;c;cc;cxx;def;odl;idl;hpj;bat;asm;asmx</Extensions>
    </Filter>
    <Filter Include="Header Files">
      <UniqueIdentifier>{93995380-89BD-4b04-88EB-625FBE52EBFB}</UniqueIdentifier>
      <Extensions>h;hh;hpp;hxx;hm;inl;inc;xsd</Extensions>
    </Filter>
    <Filter Include="Resource Files">
      <UniqueIdentifier>{67DA6AB6-F800-4c08-8B7A-83BB121AAD01}</UniqueIdentifier>
      <Extensions>rc;ico;cur;bmp;dlg;rc2;rct;bin;rgs;gif;jpg;jpeg;jpe;resx;tiff;tif;png;wav;mfcribbon-ms</Extensions>
    </Filter>
    <Filter Include="Header Files\Messages">
      <UniqueIdentifier>{703ef647-e744-4d93-a78c-bb41e1b51a89}</UniqueIdentifier>
    </Filter>
    <Filter Include="Source Files\Messages">
      <UniqueIdentifier>{34092436-3100-40bf-87b1-ece7de618a83}</UniqueIdentifier>
    </Filter>
  </ItemGroup>
  <ItemGroup>
    <ClInclude Include="stdafx.h">
      <Filter>Header Files</Filter>
    </ClInclude>
    <ClInclude Include="targetver.h">
      <Filter>Header Files</Filter>
    </ClInclude>
    <ClInclude Include="PWCommDef.h">
      <Filter>Header Files</Filter>
    </ClInclude>
    <ClInclude Include="PWException.h">
      <Filter>Header Files</Filter>
    </ClInclude>
    <ClInclude Include="EchoMessageRequest.h">
      <Filter>Header Files\Messages</Filter>
    </ClInclude>
    <ClInclude Include="EchoMessageResponse.h">
      <Filter>Header Files\Messages</Filter>
    </ClInclude>
    <ClInclude Include="PWBaseMessage.h">
      <Filter>Header Files\Messages</Filter>
    </ClInclude>
    <ClInclude Include="PWBaseRequest.h">
      <Filter>Header Files\Messages</Filter>
    </ClInclude>
    <ClInclude Include="PWBaseResponse.h">
      <Filter>Header Files\Messages</Filter>
    </ClInclude>
    <ClInclude Include="PWMessageSerializationFactory.h">
      <Filter>Header Files\Messages</Filter>
    </ClInclude>
    <ClInclude Include="PWMessageSerializer.h">
      <Filter>Header Files\Messages</Filter>
    </ClInclude>
    <ClInclude Include="PWMessageTypes.h">
      <Filter>Header Files\Messages</Filter>
    </ClInclude>
    <ClInclude Include="..\..\3rdParty\base64\base64.h">
      <Filter>Header Files</Filter>
    </ClInclude>
    <ClInclude Include="GetInventoryMessageResponse.h">
      <Filter>Header Files\Messages</Filter>
    </ClInclude>
    <ClInclude Include="GetInventoryMessageRequest.h">
      <Filter>Header Files\Messages</Filter>
    </ClInclude>
  </ItemGroup>
  <ItemGroup>
    <ClCompile Include="stdafx.cpp">
      <Filter>Source Files</Filter>
    </ClCompile>
    <ClCompile Include="EchoMessageRequest.cpp">
      <Filter>Source Files\Messages</Filter>
    </ClCompile>
    <ClCompile Include="EchoMessageResponse.cpp">
      <Filter>Source Files\Messages</Filter>
    </ClCompile>
    <ClCompile Include="PWBaseMessage.cpp">
      <Filter>Source Files\Messages</Filter>
    </ClCompile>
    <ClCompile Include="PWBaseRequest.cpp">
      <Filter>Source Files\Messages</Filter>
    </ClCompile>
    <ClCompile Include="PWBaseResponse.cpp">
      <Filter>Source Files\Messages</Filter>
    </ClCompile>
    <ClCompile Include="PWMessageSerializationFactory.cpp">
      <Filter>Source Files\Messages</Filter>
    </ClCompile>
    <ClCompile Include="PWMessageSerializer.cpp">
      <Filter>Source Files\Messages</Filter>
    </ClCompile>
    <ClCompile Include="PWException.cpp">
      <Filter>Source Files</Filter>
    </ClCompile>
    <ClCompile Include="..\..\3rdParty\base64\base64.cpp">
      <Filter>Source Files</Filter>
    </ClCompile>
    <ClCompile Include="GetInventoryMessageResponse.cpp">
      <Filter>Source Files\Messages</Filter>
    </ClCompile>
    <ClCompile Include="GetInventoryMessageRequest.cpp">
      <Filter>Source Files\Messages</Filter>
    </ClCompile>
  </ItemGroup>
</Project>